// !$*UTF8*$!
{
	archiveVersion = 1;
	classes = {
	};
	objectVersion = 54;
	objects = {

/* Begin PBXBuildFile section */
		06187F9E26ED8273B49792D3 /* AVFoundation.framework in Frameworks */ = {isa = PBXBuildFile; fileRef = 7DE393252B774F70C2EC2186 /* AVFoundation.framework */; };
		08755111ABFE9DC13E45C1DE /* UkrainianSpeechSynthesizer.swift.bak_codex_20260327 in Resources */ = {isa = PBXBuildFile; fileRef = 00A46696D3B096D2BF3BB426 /* UkrainianSpeechSynthesizer.swift.bak_codex_20260327 */; };
		0B78FF9B5075CFAB47404FE9 /* AVFoundation.framework in Frameworks */ = {isa = PBXBuildFile; fileRef = 7DE393252B774F70C2EC2186 /* AVFoundation.framework */; };
		1CCE9A5286151B8A42798DCD /* Info.plist.bak_codex_20260328_launchfix in Resources */ = {isa = PBXBuildFile; fileRef = 035B0174D04FD47EBF569D03 /* Info.plist.bak_codex_20260328_launchfix */; };
		21EB49301DCED629335E1FD4 /* UkrainianVoicesApp.swift in Sources */ = {isa = PBXBuildFile; fileRef = 594274F7B6015E8B24736D5A /* UkrainianVoicesApp.swift */; };
		24637D10E0999D107E577466 /* AudioToolbox.framework in Frameworks */ = {isa = PBXBuildFile; fileRef = 9435D1BF5C88934351ABD065 /* AudioToolbox.framework */; };
		247ED3045ECC54869F17ACC3 /* Info.plist.bak_codex_20260328_launchfix in Resources */ = {isa = PBXBuildFile; fileRef = 035B0174D04FD47EBF569D03 /* Info.plist.bak_codex_20260328_launchfix */; };
		2DEE6B104AD4F30A237402CC /* UkrainianSpeechSynthesizer.swift in Sources */ = {isa = PBXBuildFile; fileRef = 4F339A4B56DB55C2CE79DBDC /* UkrainianSpeechSynthesizer.swift */; };
		33ADB0603331A14B49E553C7 /* ContentView.swift in Sources */ = {isa = PBXBuildFile; fileRef = CE3DD68D3AB8E680055D89C0 /* ContentView.swift */; };
		452115A0EBC397FA5856D791 /* ContentView.swift.bak_codex_20260327 in Resources */ = {isa = PBXBuildFile; fileRef = FCA017D1A0D438952BD046DD /* ContentView.swift.bak_codex_20260327 */; };
		476993935A03EC453E9A7B1C /* ContentView.swift.bak_codex_20260327 in Resources */ = {isa = PBXBuildFile; fileRef = FCA017D1A0D438952BD046DD /* ContentView.swift.bak_codex_20260327 */; };
		4FA4559E9F01C1C63739B23A /* UkrainianSpeechSynthesizer.swift.bak_codex_20260327 in Resources */ = {isa = PBXBuildFile; fileRef = 00A46696D3B096D2BF3BB426 /* UkrainianSpeechSynthesizer.swift.bak_codex_20260327 */; };
		7365FF12B2EC1F943AEDDB67 /* AVFAudio.framework in Frameworks */ = {isa = PBXBuildFile; fileRef = 548A298F87E8575620046947 /* AVFAudio.framework */; };
		73698DB84895C254F51CB9F6 /* UkrainianVoicesApp.swift in Sources */ = {isa = PBXBuildFile; fileRef = 594274F7B6015E8B24736D5A /* UkrainianVoicesApp.swift */; };
		75225D76E297A4EF8101DFCF /* RHVoiceEngine.mm in Sources */ = {isa = PBXBuildFile; fileRef = 45DA52EA119BB62016304B15 /* RHVoiceEngine.mm */; };
		7A367D98FE5BAB0B5DEA5E8A /* AVFAudio.framework in Frameworks */ = {isa = PBXBuildFile; fileRef = 548A298F87E8575620046947 /* AVFAudio.framework */; };
		85E622A8948437D510BE7EDF /* AudioUnitFactory.swift in Sources */ = {isa = PBXBuildFile; fileRef = 0CC4DAD0268908920F9C1C4E /* AudioUnitFactory.swift */; };
		87E06907937D4AB5E50F1E82 /* UkrainianSpeechSynthesizer.swift in Sources */ = {isa = PBXBuildFile; fileRef = 4F339A4B56DB55C2CE79DBDC /* UkrainianSpeechSynthesizer.swift */; };
		94E450187AD26C4C8A30E512 /* AVFAudio.framework in Frameworks */ = {isa = PBXBuildFile; fileRef = 548A298F87E8575620046947 /* AVFAudio.framework */; };
		978B036AE1468637123DC960 /* RHVoiceEngine.mm in Sources */ = {isa = PBXBuildFile; fileRef = 45DA52EA119BB62016304B15 /* RHVoiceEngine.mm */; };
		A4CA3CBF3C1C6B56AB5D51F7 /* AudioUnitFactory.swift in Sources */ = {isa = PBXBuildFile; fileRef = 0CC4DAD0268908920F9C1C4E /* AudioUnitFactory.swift */; };
		BBFD5EC0A87665EAC722501F /* ContentView.swift in Sources */ = {isa = PBXBuildFile; fileRef = CE3DD68D3AB8E680055D89C0 /* ContentView.swift */; };
		C25CBEAA8FF204E1F22231BC /* AudioToolbox.framework in Frameworks */ = {isa = PBXBuildFile; fileRef = 9435D1BF5C88934351ABD065 /* AudioToolbox.framework */; };
		C882A896CB53F6B42EB8B468 /* AVFAudio.framework in Frameworks */ = {isa = PBXBuildFile; fileRef = 548A298F87E8575620046947 /* AVFAudio.framework */; };
		CE5CA574D0615B711843C0FB /* UkrainianVoicesExtension.appex in Embed Foundation Extensions */ = {isa = PBXBuildFile; fileRef = B206886AA51866CD397D47B9 /* UkrainianVoicesExtension.appex */; settings = {ATTRIBUTES = (RemoveHeadersOnCopy, ); }; };
		D15EDBE290B69891041B8D93 /* RHVoiceEngine+Parameters.mm in Sources */ = {isa = PBXBuildFile; fileRef = E5DA31BE3F4B924D62A7A8A7 /* RHVoiceEngine+Parameters.mm */; };
		DB671A28702FC9F49E5C30A7 /* AVFoundation.framework in Frameworks */ = {isa = PBXBuildFile; fileRef = 7DE393252B774F70C2EC2186 /* AVFoundation.framework */; };
		F13FFE52BBD82BF6CD116666 /* AVFoundation.framework in Frameworks */ = {isa = PBXBuildFile; fileRef = 7DE393252B774F70C2EC2186 /* AVFoundation.framework */; };
		F4C8EDFBDDD97CE988561317 /* Info.plist.bak_codex_20260327 in Resources */ = {isa = PBXBuildFile; fileRef = 4611BA1553BCB08652D8031A /* Info.plist.bak_codex_20260327 */; };
		F9AAAF21A3CBA1EC736D7C0C /* Info.plist.bak_codex_20260327 in Resources */ = {isa = PBXBuildFile; fileRef = 4611BA1553BCB08652D8031A /* Info.plist.bak_codex_20260327 */; };
		FC00A4E94F6710B6B7287F57 /* RHVoiceEngine+Parameters.mm in Sources */ = {isa = PBXBuildFile; fileRef = E5DA31BE3F4B924D62A7A8A7 /* RHVoiceEngine+Parameters.mm */; };
		FC8DF4E383EA1F2401E3C384 /* UkrainianVoicesExtensionMac.appex in Embed Foundation Extensions */ = {isa = PBXBuildFile; fileRef = 4E27232100E742850D71D852 /* UkrainianVoicesExtensionMac.appex */; settings = {ATTRIBUTES = (RemoveHeadersOnCopy, ); }; };
/* End PBXBuildFile section */

/* Begin PBXContainerItemProxy section */
		66D53BE9AAD5CC6A6223B48D /* PBXContainerItemProxy */ = {
			isa = PBXContainerItemProxy;
			containerPortal = 444E4AC42FA67B1A6C7886B3 /* Project object */;
			proxyType = 1;
			remoteGlobalIDString = DCA0003C25D32B277A7A9289;
			remoteInfo = UkrainianVoicesExtensionMac;
		};
		D23A2D5954314D491AC1EDD0 /* PBXContainerItemProxy */ = {
			isa = PBXContainerItemProxy;
			containerPortal = 444E4AC42FA67B1A6C7886B3 /* Project object */;
			proxyType = 1;
			remoteGlobalIDString = 393C23F3EC0817FD2FBC1120;
			remoteInfo = UkrainianVoicesExtension;
		};
/* End PBXContainerItemProxy section */

/* Begin PBXCopyFilesBuildPhase section */
		06438496D9487CB0D87AEB1C /* Embed Foundation Extensions */ = {
			isa = PBXCopyFilesBuildPhase;
			buildActionMask = 2147483647;
			dstPath = "";
			dstSubfolderSpec = 13;
			files = (
				FC8DF4E383EA1F2401E3C384 /* UkrainianVoicesExtensionMac.appex in Embed Foundation Extensions */,
			);
			name = "Embed Foundation Extensions";
			runOnlyForDeploymentPostprocessing = 0;
		};
		7ACD8A0F94E24B4DFCAB87F6 /* Embed Foundation Extensions */ = {
			isa = PBXCopyFilesBuildPhase;
			buildActionMask = 2147483647;
			dstPath = "";
			dstSubfolderSpec = 13;
			files = (
				CE5CA574D0615B711843C0FB /* UkrainianVoicesExtension.appex in Embed Foundation Extensions */,
			);
			name = "Embed Foundation Extensions";
			runOnlyForDeploymentPostprocessing = 0;
		};
/* End PBXCopyFilesBuildPhase section */

/* Begin PBXFileReference section */
		00A46696D3B096D2BF3BB426 /* UkrainianSpeechSynthesizer.swift.bak_codex_20260327 */ = {isa = PBXFileReference; path = UkrainianSpeechSynthesizer.swift.bak_codex_20260327; sourceTree = "<group>"; };
		035B0174D04FD47EBF569D03 /* Info.plist.bak_codex_20260328_launchfix */ = {isa = PBXFileReference; path = Info.plist.bak_codex_20260328_launchfix; sourceTree = "<group>"; };
		0CC4DAD0268908920F9C1C4E /* AudioUnitFactory.swift */ = {isa = PBXFileReference; lastKnownFileType = sourcecode.swift; path = AudioUnitFactory.swift; sourceTree = "<group>"; };
		0F5E4FE0859D8452B6C2A983 /* RHVoice.h */ = {isa = PBXFileReference; lastKnownFileType = sourcecode.c.h; path = RHVoice.h; sourceTree = "<group>"; };
		1B63D01AD7EB72FBD25F33F7 /* UkrainianVoicesMac.app */ = {isa = PBXFileReference; explicitFileType = wrapper.application; includeInIndex = 0; path = UkrainianVoicesMac.app; sourceTree = BUILT_PRODUCTS_DIR; };
		45DA52EA119BB62016304B15 /* RHVoiceEngine.mm */ = {isa = PBXFileReference; lastKnownFileType = sourcecode.cpp.objcpp; path = RHVoiceEngine.mm; sourceTree = "<group>"; };
		4611BA1553BCB08652D8031A /* Info.plist.bak_codex_20260327 */ = {isa = PBXFileReference; path = Info.plist.bak_codex_20260327; sourceTree = "<group>"; };
		4E27232100E742850D71D852 /* UkrainianVoicesExtensionMac.appex */ = {isa = PBXFileReference; explicitFileType = "wrapper.app-extension"; includeInIndex = 0; path = UkrainianVoicesExtensionMac.appex; sourceTree = BUILT_PRODUCTS_DIR; };
		4F339A4B56DB55C2CE79DBDC /* UkrainianSpeechSynthesizer.swift */ = {isa = PBXFileReference; lastKnownFileType = sourcecode.swift; path = UkrainianSpeechSynthesizer.swift; sourceTree = "<group>"; };
		548A298F87E8575620046947 /* AVFAudio.framework */ = {isa = PBXFileReference; lastKnownFileType = wrapper.framework; name = AVFAudio.framework; path = System/Library/Frameworks/AVFAudio.framework; sourceTree = SDKROOT; };
		594274F7B6015E8B24736D5A /* UkrainianVoicesApp.swift */ = {isa = PBXFileReference; lastKnownFileType = sourcecode.swift; path = UkrainianVoicesApp.swift; sourceTree = "<group>"; };
		7DE393252B774F70C2EC2186 /* AVFoundation.framework */ = {isa = PBXFileReference; lastKnownFileType = wrapper.framework; name = AVFoundation.framework; path = System/Library/Frameworks/AVFoundation.framework; sourceTree = SDKROOT; };
		85C628DDF3D0729A8754D113 /* RHVoiceEngine.h */ = {isa = PBXFileReference; lastKnownFileType = sourcecode.c.h; path = RHVoiceEngine.h; sourceTree = "<group>"; };
		8E22075AFE5EA4D93E9FB064 /* UkrainianVoices-Bridging-Header.h */ = {isa = PBXFileReference; lastKnownFileType = sourcecode.c.h; path = "UkrainianVoices-Bridging-Header.h"; sourceTree = "<group>"; };
		9435D1BF5C88934351ABD065 /* AudioToolbox.framework */ = {isa = PBXFileReference; lastKnownFileType = wrapper.framework; name = AudioToolbox.framework; path = System/Library/Frameworks/AudioToolbox.framework; sourceTree = SDKROOT; };
		B206886AA51866CD397D47B9 /* UkrainianVoicesExtension.appex */ = {isa = PBXFileReference; explicitFileType = "wrapper.app-extension"; includeInIndex = 0; path = UkrainianVoicesExtension.appex; sourceTree = BUILT_PRODUCTS_DIR; };
		C3085BFE3E74452BA4B9BD86 /* Info.plist */ = {isa = PBXFileReference; lastKnownFileType = text.plist; path = Info.plist; sourceTree = "<group>"; };
		CA6DB78C17B744FA161358CE /* UkrainianVoices.app */ = {isa = PBXFileReference; explicitFileType = wrapper.application; includeInIndex = 0; path = UkrainianVoices.app; sourceTree = BUILT_PRODUCTS_DIR; };
		CE3DD68D3AB8E680055D89C0 /* ContentView.swift */ = {isa = PBXFileReference; lastKnownFileType = sourcecode.swift; path = ContentView.swift; sourceTree = "<group>"; };
		D13B5FFE4193D2F8365BC9D4 /* App.entitlements */ = {isa = PBXFileReference; lastKnownFileType = text.plist.entitlements; path = App.entitlements; sourceTree = "<group>"; };
		DA1392E5557B546161F2BCC9 /* RHVoice_common.h */ = {isa = PBXFileReference; lastKnownFileType = sourcecode.c.h; path = RHVoice_common.h; sourceTree = "<group>"; };
		E5DA31BE3F4B924D62A7A8A7 /* RHVoiceEngine+Parameters.mm */ = {isa = PBXFileReference; lastKnownFileType = sourcecode.cpp.objcpp; path = "RHVoiceEngine+Parameters.mm"; sourceTree = "<group>"; };
		F7104461128C50520F8F252C /* RHVoiceEngine+Parameters.h */ = {isa = PBXFileReference; lastKnownFileType = sourcecode.c.h; path = "RHVoiceEngine+Parameters.h"; sourceTree = "<group>"; };
		FCA017D1A0D438952BD046DD /* ContentView.swift.bak_codex_20260327 */ = {isa = PBXFileReference; path = ContentView.swift.bak_codex_20260327; sourceTree = "<group>"; };
/* End PBXFileReference section */

/* Begin PBXFrameworksBuildPhase section */
		598BD4A283E1C569D0930B4B /* Frameworks */ = {
			isa = PBXFrameworksBuildPhase;
			buildActionMask = 2147483647;
			files = (
				F13FFE52BBD82BF6CD116666 /* AVFoundation.framework in Frameworks */,
				C882A896CB53F6B42EB8B468 /* AVFAudio.framework in Frameworks */,
				24637D10E0999D107E577466 /* AudioToolbox.framework in Frameworks */,
			);
			runOnlyForDeploymentPostprocessing = 0;
		};
		895C42840078C07D35D4905C /* Frameworks */ = {
			isa = PBXFrameworksBuildPhase;
			buildActionMask = 2147483647;
			files = (
				DB671A28702FC9F49E5C30A7 /* AVFoundation.framework in Frameworks */,
				7365FF12B2EC1F943AEDDB67 /* AVFAudio.framework in Frameworks */,
				C25CBEAA8FF204E1F22231BC /* AudioToolbox.framework in Frameworks */,
			);
			runOnlyForDeploymentPostprocessing = 0;
		};
		B165BB1231ED371E166541F3 /* Frameworks */ = {
			isa = PBXFrameworksBuildPhase;
			buildActionMask = 2147483647;
			files = (
				0B78FF9B5075CFAB47404FE9 /* AVFoundation.framework in Frameworks */,
				7A367D98FE5BAB0B5DEA5E8A /* AVFAudio.framework in Frameworks */,
			);
			runOnlyForDeploymentPostprocessing = 0;
		};
		B93D88B728260A8EF8B3FB23 /* Frameworks */ = {
			isa = PBXFrameworksBuildPhase;
			buildActionMask = 2147483647;
			files = (
				06187F9E26ED8273B49792D3 /* AVFoundation.framework in Frameworks */,
				94E450187AD26C4C8A30E512 /* AVFAudio.framework in Frameworks */,
			);
			runOnlyForDeploymentPostprocessing = 0;
		};
/* End PBXFrameworksBuildPhase section */

/* Begin PBXGroup section */
		17CDDA87F7D852407ECD79B1 = {
			isa = PBXGroup;
			children = (
				DDE4805C278C6533B2DB25D3 /* App */,
				8DB6B1C6250F331E4D3AEA6E /* Bridge */,
				CA24890FCF44D7AA4170C572 /* Provider */,
				8E9226D3F64467E532CE39CE /* Frameworks */,
				822DDB5ED381D4F0296CA0D5 /* Products */,
			);
			sourceTree = "<group>";
		};
		822DDB5ED381D4F0296CA0D5 /* Products */ = {
			isa = PBXGroup;
			children = (
				CA6DB78C17B744FA161358CE /* UkrainianVoices.app */,
				B206886AA51866CD397D47B9 /* UkrainianVoicesExtension.appex */,
				4E27232100E742850D71D852 /* UkrainianVoicesExtensionMac.appex */,
				1B63D01AD7EB72FBD25F33F7 /* UkrainianVoicesMac.app */,
			);
			name = Products;
			sourceTree = "<group>";
		};
		8DB6B1C6250F331E4D3AEA6E /* Bridge */ = {
			isa = PBXGroup;
			children = (
				DA1392E5557B546161F2BCC9 /* RHVoice_common.h */,
				0F5E4FE0859D8452B6C2A983 /* RHVoice.h */,
				85C628DDF3D0729A8754D113 /* RHVoiceEngine.h */,
				45DA52EA119BB62016304B15 /* RHVoiceEngine.mm */,
				F7104461128C50520F8F252C /* RHVoiceEngine+Parameters.h */,
				E5DA31BE3F4B924D62A7A8A7 /* RHVoiceEngine+Parameters.mm */,
				8E22075AFE5EA4D93E9FB064 /* UkrainianVoices-Bridging-Header.h */,
			);
			name = Bridge;
			path = Extension/Bridge;
			sourceTree = "<group>";
		};
		8E9226D3F64467E532CE39CE /* Frameworks */ = {
			isa = PBXGroup;
			children = (
				9435D1BF5C88934351ABD065 /* AudioToolbox.framework */,
				548A298F87E8575620046947 /* AVFAudio.framework */,
				7DE393252B774F70C2EC2186 /* AVFoundation.framework */,
			);
			name = Frameworks;
			sourceTree = "<group>";
		};
		CA24890FCF44D7AA4170C572 /* Provider */ = {
			isa = PBXGroup;
			children = (
				0CC4DAD0268908920F9C1C4E /* AudioUnitFactory.swift */,
				4F339A4B56DB55C2CE79DBDC /* UkrainianSpeechSynthesizer.swift */,
				00A46696D3B096D2BF3BB426 /* UkrainianSpeechSynthesizer.swift.bak_codex_20260327 */,
			);
			name = Provider;
			path = Extension/Provider;
			sourceTree = "<group>";
		};
		DDE4805C278C6533B2DB25D3 /* App */ = {
			isa = PBXGroup;
			children = (
				D13B5FFE4193D2F8365BC9D4 /* App.entitlements */,
				CE3DD68D3AB8E680055D89C0 /* ContentView.swift */,
				FCA017D1A0D438952BD046DD /* ContentView.swift.bak_codex_20260327 */,
				C3085BFE3E74452BA4B9BD86 /* Info.plist */,
				4611BA1553BCB08652D8031A /* Info.plist.bak_codex_20260327 */,
				035B0174D04FD47EBF569D03 /* Info.plist.bak_codex_20260328_launchfix */,
				594274F7B6015E8B24736D5A /* UkrainianVoicesApp.swift */,
			);
			path = App;
			sourceTree = "<group>";
		};
/* End PBXGroup section */

/* Begin PBXNativeTarget section */
		393C23F3EC0817FD2FBC1120 /* UkrainianVoicesExtension */ = {
			isa = PBXNativeTarget;
			buildConfigurationList = 7D56CDA049E8EBF597421F6F /* Build configuration list for PBXNativeTarget "UkrainianVoicesExtension" */;
			buildPhases = (
				8FF10A0EA0713C42FCD6B788 /* Sources */,
				F3017479FD7D24536AD64653 /* Resources */,
				598BD4A283E1C569D0930B4B /* Frameworks */,
			);
			buildRules = (
			);
			dependencies = (
			);
			name = UkrainianVoicesExtension;
			productName = UkrainianVoicesExtension;
			productReference = B206886AA51866CD397D47B9 /* UkrainianVoicesExtension.appex */;
			productType = "com.apple.product-type.app-extension";
		};
		45E82E16A8F69D03747969EE /* UkrainianVoicesMac */ = {
			isa = PBXNativeTarget;
			buildConfigurationList = AE924CCAD4914B4DCDE2FAF6 /* Build configuration list for PBXNativeTarget "UkrainianVoicesMac" */;
			buildPhases = (
				1E1ABE1BE357A61472CB77B3 /* Sources */,
				0D7D825DA47E72438E32893D /* Resources */,
				B93D88B728260A8EF8B3FB23 /* Frameworks */,
				06438496D9487CB0D87AEB1C /* Embed Foundation Extensions */,
				0B0CEB0FC7FC8756FD58CAD5 /* Copy Voices */,
			);
			buildRules = (
			);
			dependencies = (
				A5CD7F852A58B347590D268D /* PBXTargetDependency */,
			);
			name = UkrainianVoicesMac;
			productName = UkrainianVoicesMac;
			productReference = 1B63D01AD7EB72FBD25F33F7 /* UkrainianVoicesMac.app */;
			productType = "com.apple.product-type.application";
		};
		595D18001E8B2885C65B73BC /* UkrainianVoices */ = {
			isa = PBXNativeTarget;
			buildConfigurationList = 2DA23C810EB8A5C4A8E2B527 /* Build configuration list for PBXNativeTarget "UkrainianVoices" */;
			buildPhases = (
				04BF466DDF1FC6E947A6E476 /* Sources */,
				5F3FC895F73F51BC3AEBF682 /* Resources */,
				B165BB1231ED371E166541F3 /* Frameworks */,
				7ACD8A0F94E24B4DFCAB87F6 /* Embed Foundation Extensions */,
				A3BE5C49AC6D9AB28841E2F1 /* Copy Voices */,
			);
			buildRules = (
			);
			dependencies = (
				29EFE83FF37D57162EDA3B8D /* PBXTargetDependency */,
			);
			name = UkrainianVoices;
			productName = UkrainianVoices;
			productReference = CA6DB78C17B744FA161358CE /* UkrainianVoices.app */;
			productType = "com.apple.product-type.application";
		};
		DCA0003C25D32B277A7A9289 /* UkrainianVoicesExtensionMac */ = {
			isa = PBXNativeTarget;
			buildConfigurationList = 0118D083362CF1605D1475D9 /* Build configuration list for PBXNativeTarget "UkrainianVoicesExtensionMac" */;
			buildPhases = (
				4591C3B8696A058C9B3E7386 /* Sources */,
				8E82A7935C72067CE2EAEFCD /* Resources */,
				895C42840078C07D35D4905C /* Frameworks */,
			);
			buildRules = (
			);
			dependencies = (
			);
			name = UkrainianVoicesExtensionMac;
			productName = UkrainianVoicesExtensionMac;
			productReference = 4E27232100E742850D71D852 /* UkrainianVoicesExtensionMac.appex */;
			productType = "com.apple.product-type.app-extension";
		};
/* End PBXNativeTarget section */

/* Begin PBXProject section */
		444E4AC42FA67B1A6C7886B3 /* Project object */ = {
			isa = PBXProject;
			attributes = {
				BuildIndependentTargetsInParallel = YES;
				LastUpgradeCheck = 1430;
				TargetAttributes = {
					393C23F3EC0817FD2FBC1120 = {
						DevelopmentTeam = 5NNZPP8CRR;
						ProvisioningStyle = Automatic;
					};
					45E82E16A8F69D03747969EE = {
						DevelopmentTeam = 5NNZPP8CRR;
						ProvisioningStyle = Automatic;
					};
					595D18001E8B2885C65B73BC = {
						DevelopmentTeam = 5NNZPP8CRR;
						ProvisioningStyle = Automatic;
					};
					DCA0003C25D32B277A7A9289 = {
						DevelopmentTeam = 5NNZPP8CRR;
						ProvisioningStyle = Automatic;
					};
				};
			};
			buildConfigurationList = 65052016CFEB4CF0BC1723DC /* Build configuration list for PBXProject "UkrainianVoices" */;
			compatibilityVersion = "Xcode 14.0";
			developmentRegion = en;
			hasScannedForEncodings = 0;
			knownRegions = (
				Base,
				en,
			);
			mainGroup = 17CDDA87F7D852407ECD79B1;
			projectDirPath = "";
			projectRoot = "";
			targets = (
				595D18001E8B2885C65B73BC /* UkrainianVoices */,
				393C23F3EC0817FD2FBC1120 /* UkrainianVoicesExtension */,
				DCA0003C25D32B277A7A9289 /* UkrainianVoicesExtensionMac */,
				45E82E16A8F69D03747969EE /* UkrainianVoicesMac */,
			);
		};
/* End PBXProject section */

/* Begin PBXResourcesBuildPhase section */
		0D7D825DA47E72438E32893D /* Resources */ = {
			isa = PBXResourcesBuildPhase;
			buildActionMask = 2147483647;
			files = (
				452115A0EBC397FA5856D791 /* ContentView.swift.bak_codex_20260327 in Resources */,
				F9AAAF21A3CBA1EC736D7C0C /* Info.plist.bak_codex_20260327 in Resources */,
				247ED3045ECC54869F17ACC3 /* Info.plist.bak_codex_20260328_launchfix in Resources */,
			);
			runOnlyForDeploymentPostprocessing = 0;
		};
		5F3FC895F73F51BC3AEBF682 /* Resources */ = {
			isa = PBXResourcesBuildPhase;
			buildActionMask = 2147483647;
			files = (
				476993935A03EC453E9A7B1C /* ContentView.swift.bak_codex_20260327 in Resources */,
				F4C8EDFBDDD97CE988561317 /* Info.plist.bak_codex_20260327 in Resources */,
				1CCE9A5286151B8A42798DCD /* Info.plist.bak_codex_20260328_launchfix in Resources */,
			);
			runOnlyForDeploymentPostprocessing = 0;
		};
		8E82A7935C72067CE2EAEFCD /* Resources */ = {
			isa = PBXResourcesBuildPhase;
			buildActionMask = 2147483647;
			files = (
				08755111ABFE9DC13E45C1DE /* UkrainianSpeechSynthesizer.swift.bak_codex_20260327 in Resources */,
			);
			runOnlyForDeploymentPostprocessing = 0;
		};
		F3017479FD7D24536AD64653 /* Resources */ = {
			isa = PBXResourcesBuildPhase;
			buildActionMask = 2147483647;
			files = (
				4FA4559E9F01C1C63739B23A /* UkrainianSpeechSynthesizer.swift.bak_codex_20260327 in Resources */,
			);
			runOnlyForDeploymentPostprocessing = 0;
		};
/* End PBXResourcesBuildPhase section */

/* Begin PBXShellScriptBuildPhase section */
		0B0CEB0FC7FC8756FD58CAD5 /* Copy Voices */ = {
			isa = PBXShellScriptBuildPhase;
			alwaysOutOfDate = 1;
			buildActionMask = 2147483647;
			files = (
			);
			inputFileListPaths = (
			);
			inputPaths = (
			);
			name = "Copy Voices";
			outputFileListPaths = (
			);
			outputPaths = (
			);
			runOnlyForDeploymentPostprocessing = 0;
			shellPath = /bin/sh;
			shellScript = "echo \"📦 Copying Voices to macOS bundle...\"\nVOICES_SRC=\"${SRCROOT}/Extension/Resources/Voices\"\nVOICES_DST=\"${BUILT_PRODUCTS_DIR}/${PRODUCT_NAME}.app/Contents/Resources/Voices\"\n\nif [ -d \"$VOICES_SRC\" ]; then\n  mkdir -p \"${BUILT_PRODUCTS_DIR}/${PRODUCT_NAME}.app/Contents/Resources\"\n  cp -r \"$VOICES_SRC\" \"$VOICES_DST\"\n  echo \"✅ Voices copied: $(find \"$VOICES_DST\" -type f | wc -l) files\"\nelse\n  echo \"❌ Voices not found: $VOICES_SRC\"\n  exit 1\nfi\n";
		};
		A3BE5C49AC6D9AB28841E2F1 /* Copy Voices */ = {
			isa = PBXShellScriptBuildPhase;
			alwaysOutOfDate = 1;
			buildActionMask = 2147483647;
			files = (
			);
			inputFileListPaths = (
			);
			inputPaths = (
			);
			name = "Copy Voices";
			outputFileListPaths = (
			);
			outputPaths = (
			);
			runOnlyForDeploymentPostprocessing = 0;
			shellPath = /bin/sh;
			shellScript = "echo \"📦 Copying Voices to bundle...\"\nVOICES_SRC=\"${SRCROOT}/Extension/Resources/Voices\"\nVOICES_DST=\"${BUILT_PRODUCTS_DIR}/${PRODUCT_NAME}.app/Voices\"\n\nif [ -d \"$VOICES_SRC\" ]; then\n  cp -r \"$VOICES_SRC\" \"$VOICES_DST\"\n  echo \"✅ Voices copied: $(find \"$VOICES_DST\" -type f | wc -l) files\"\n  ls -la \"$VOICES_DST\"\nelse\n  echo \"❌ Voices not found: $VOICES_SRC\"\n  exit 1\nfi\n";
		};
/* End PBXShellScriptBuildPhase section */

/* Begin PBXSourcesBuildPhase section */
		04BF466DDF1FC6E947A6E476 /* Sources */ = {
			isa = PBXSourcesBuildPhase;
			buildActionMask = 2147483647;
			files = (
				33ADB0603331A14B49E553C7 /* ContentView.swift in Sources */,
				73698DB84895C254F51CB9F6 /* UkrainianVoicesApp.swift in Sources */,
			);
			runOnlyForDeploymentPostprocessing = 0;
		};
		1E1ABE1BE357A61472CB77B3 /* Sources */ = {
			isa = PBXSourcesBuildPhase;
			buildActionMask = 2147483647;
			files = (
				BBFD5EC0A87665EAC722501F /* ContentView.swift in Sources */,
				21EB49301DCED629335E1FD4 /* UkrainianVoicesApp.swift in Sources */,
			);
			runOnlyForDeploymentPostprocessing = 0;
		};
		4591C3B8696A058C9B3E7386 /* Sources */ = {
			isa = PBXSourcesBuildPhase;
			buildActionMask = 2147483647;
			files = (
				A4CA3CBF3C1C6B56AB5D51F7 /* AudioUnitFactory.swift in Sources */,
				FC00A4E94F6710B6B7287F57 /* RHVoiceEngine+Parameters.mm in Sources */,
				75225D76E297A4EF8101DFCF /* RHVoiceEngine.mm in Sources */,
				87E06907937D4AB5E50F1E82 /* UkrainianSpeechSynthesizer.swift in Sources */,
			);
			runOnlyForDeploymentPostprocessing = 0;
		};
		8FF10A0EA0713C42FCD6B788 /* Sources */ = {
			isa = PBXSourcesBuildPhase;
			buildActionMask = 2147483647;
			files = (
				85E622A8948437D510BE7EDF /* AudioUnitFactory.swift in Sources */,
				D15EDBE290B69891041B8D93 /* RHVoiceEngine+Parameters.mm in Sources */,
				978B036AE1468637123DC960 /* RHVoiceEngine.mm in Sources */,
				2DEE6B104AD4F30A237402CC /* UkrainianSpeechSynthesizer.swift in Sources */,
			);
			runOnlyForDeploymentPostprocessing = 0;
		};
/* End PBXSourcesBuildPhase section */

/* Begin PBXTargetDependency section */
		29EFE83FF37D57162EDA3B8D /* PBXTargetDependency */ = {
			isa = PBXTargetDependency;
			target = 393C23F3EC0817FD2FBC1120 /* UkrainianVoicesExtension */;
			targetProxy = D23A2D5954314D491AC1EDD0 /* PBXContainerItemProxy */;
		};
		A5CD7F852A58B347590D268D /* PBXTargetDependency */ = {
			isa = PBXTargetDependency;
			target = DCA0003C25D32B277A7A9289 /* UkrainianVoicesExtensionMac */;
			targetProxy = 66D53BE9AAD5CC6A6223B48D /* PBXContainerItemProxy */;
		};
/* End PBXTargetDependency section */

/* Begin XCBuildConfiguration section */
		175AE8F1E5F395F3D56B7F82 /* Release */ = {
			isa = XCBuildConfiguration;
			buildSettings = {
				ALWAYS_SEARCH_USER_PATHS = NO;
				CLANG_ANALYZER_NONNULL = YES;
				CLANG_ANALYZER_NUMBER_OBJECT_CONVERSION = YES_AGGRESSIVE;
				CLANG_CXX_LANGUAGE_STANDARD = "gnu++14";
				CLANG_CXX_LIBRARY = "libc++";
				CLANG_ENABLE_MODULES = YES;
				CLANG_ENABLE_OBJC_ARC = YES;
				CLANG_ENABLE_OBJC_WEAK = YES;
				CLANG_WARN_BLOCK_CAPTURE_AUTORELEASING = YES;
				CLANG_WARN_BOOL_CONVERSION = YES;
				CLANG_WARN_COMMA = YES;
				CLANG_WARN_CONSTANT_CONVERSION = YES;
				CLANG_WARN_DEPRECATED_OBJC_IMPLEMENTATIONS = YES;
				CLANG_WARN_DIRECT_OBJC_ISA_USAGE = YES_ERROR;
				CLANG_WARN_DOCUMENTATION_COMMENTS = YES;
				CLANG_WARN_EMPTY_BODY = YES;
				CLANG_WARN_ENUM_CONVERSION = YES;
				CLANG_WARN_INFINITE_RECURSION = YES;
				CLANG_WARN_INT_CONVERSION = YES;
				CLANG_WARN_NON_LITERAL_NULL_CONVERSION = YES;
				CLANG_WARN_OBJC_IMPLICIT_RETAIN_SELF = YES;
				CLANG_WARN_OBJC_LITERAL_CONVERSION = YES;
				CLANG_WARN_OBJC_ROOT_CLASS = YES_ERROR;
				CLANG_WARN_QUOTED_INCLUDE_IN_FRAMEWORK_HEADER = YES;
				CLANG_WARN_RANGE_LOOP_ANALYSIS = YES;
				CLANG_WARN_STRICT_PROTOTYPES = YES;
				CLANG_WARN_SUSPICIOUS_MOVE = YES;
				CLANG_WARN_UNGUARDED_AVAILABILITY = YES_AGGRESSIVE;
				CLANG_WARN_UNREACHABLE_CODE = YES;
				CLANG_WARN__DUPLICATE_METHOD_MATCH = YES;
				COPY_PHASE_STRIP = NO;
				DEBUG_INFORMATION_FORMAT = "dwarf-with-dsym";
				ENABLE_NS_ASSERTIONS = NO;
				ENABLE_STRICT_OBJC_MSGSEND = YES;
				GCC_C_LANGUAGE_STANDARD = gnu11;
				GCC_NO_COMMON_BLOCKS = YES;
				GCC_WARN_64_TO_32_BIT_CONVERSION = YES;
				GCC_WARN_ABOUT_RETURN_TYPE = YES_ERROR;
				GCC_WARN_UNDECLARED_SELECTOR = YES;
				GCC_WARN_UNINITIALIZED_AUTOS = YES_AGGRESSIVE;
				GCC_WARN_UNUSED_FUNCTION = YES;
				GCC_WARN_UNUSED_VARIABLE = YES;
				MACOSX_DEPLOYMENT_TARGET = 13.0;
				MTL_ENABLE_DEBUG_INFO = NO;
				MTL_FAST_MATH = YES;
				PRODUCT_NAME = "$(TARGET_NAME)";
				SDKROOT = macosx;
				SWIFT_COMPILATION_MODE = wholemodule;
				SWIFT_OPTIMIZATION_LEVEL = "-O";
				SWIFT_VERSION = 5.0;
			};
			name = Release;
		};
		2A918115CA914E3B174DCC75 /* Release */ = {
			isa = XCBuildConfiguration;
			buildSettings = {
				ASSETCATALOG_COMPILER_APPICON_NAME = AppIcon;
				CODE_SIGN_IDENTITY = "";
				CODE_SIGN_STYLE = Automatic;
				COMBINE_HIDPI_IMAGES = YES;
				CURRENT_PROJECT_VERSION = 1;
				DEVELOPMENT_TEAM = 5NNZPP8CRR;
				INFOPLIST_FILE = App/Info.plist;
				LD_RUNPATH_SEARCH_PATHS = (
					"$(inherited)",
					"@executable_path/../Frameworks",
				);
				MACOSX_DEPLOYMENT_TARGET = 13.0;
				MARKETING_VERSION = 1.0;
				PRODUCT_BUNDLE_IDENTIFIER = com.rhvoice.UkrainianVoices.mac;
				SDKROOT = macosx;
				SWIFT_VERSION = 5.0;
			};
			name = Release;
		};
		34840A3F10F543565768C603 /* Debug */ = {
			isa = XCBuildConfiguration;
			buildSettings = {
				ASSETCATALOG_COMPILER_APPICON_NAME = AppIcon;
				CODE_SIGN_IDENTITY = "";
				CODE_SIGN_STYLE = Automatic;
				COMBINE_HIDPI_IMAGES = YES;
				CURRENT_PROJECT_VERSION = 1;
				DEVELOPMENT_TEAM = 5NNZPP8CRR;
				INFOPLIST_FILE = App/Info.plist;
				LD_RUNPATH_SEARCH_PATHS = (
					"$(inherited)",
					"@executable_path/../Frameworks",
				);
				MARKETING_VERSION = 1.0;
				PRODUCT_BUNDLE_IDENTIFIER = com.rhvoice.UkrainianVoices;
				SDKROOT = iphoneos;
				IPHONEOS_DEPLOYMENT_TARGET = 16.0;
				SWIFT_VERSION = 5.0;
				TARGETED_DEVICE_FAMILY = "1,2";
			};
			name = Debug;
		};
		80C1D316FE40EB49F38964B6 /* Release */ = {
			isa = XCBuildConfiguration;
			buildSettings = {
				CLANG_CXX_LANGUAGE_STANDARD = "c++17";
				CODE_SIGN_IDENTITY = "";
				CODE_SIGN_STYLE = Automatic;
				COMBINE_HIDPI_IMAGES = YES;
				DEVELOPMENT_TEAM = 5NNZPP8CRR;
				INFOPLIST_FILE = Extension/Info.plist;
				LD_RUNPATH_SEARCH_PATHS = (
					"$(inherited)",
					"@executable_path/../Frameworks",
					"@executable_path/../../../../Frameworks",
				);
				LIBRARY_SEARCH_PATHS = "$(SRCROOT)/Extension/Libraries";
				MACOSX_DEPLOYMENT_TARGET = 13.0;
				OTHER_LDFLAGS = "-lRHVoice -lRHVoice_core -lRHVoice_audio";
				PRODUCT_BUNDLE_IDENTIFIER = com.rhvoice.UkrainianVoices.mac.Extension;
				SDKROOT = macosx;
				SWIFT_OBJC_BRIDGING_HEADER = "Extension/Bridge/UkrainianVoices-Bridging-Header.h";
				SWIFT_VERSION = 5.0;
			};
			name = Release;
		};
		8A0DA449501982899D9CEDDE /* Debug */ = {
			isa = XCBuildConfiguration;
			buildSettings = {
				ASSETCATALOG_COMPILER_APPICON_NAME = AppIcon;
				CODE_SIGN_IDENTITY = "";
				CODE_SIGN_STYLE = Automatic;
				COMBINE_HIDPI_IMAGES = YES;
				CURRENT_PROJECT_VERSION = 1;
				DEVELOPMENT_TEAM = 5NNZPP8CRR;
				INFOPLIST_FILE = App/Info.plist;
				LD_RUNPATH_SEARCH_PATHS = (
					"$(inherited)",
					"@executable_path/../Frameworks",
				);
				MACOSX_DEPLOYMENT_TARGET = 13.0;
				MARKETING_VERSION = 1.0;
				PRODUCT_BUNDLE_IDENTIFIER = com.rhvoice.UkrainianVoices.mac;
				SDKROOT = macosx;
				SWIFT_VERSION = 5.0;
			};
			name = Debug;
		};
		A4107DD59B78807C2EE077C8 /* Release */ = {
			isa = XCBuildConfiguration;
			buildSettings = {
				ASSETCATALOG_COMPILER_APPICON_NAME = AppIcon;
				CODE_SIGN_IDENTITY = "";
				CODE_SIGN_STYLE = Automatic;
				COMBINE_HIDPI_IMAGES = YES;
				CURRENT_PROJECT_VERSION = 1;
				DEVELOPMENT_TEAM = 5NNZPP8CRR;
				INFOPLIST_FILE = App/Info.plist;
				LD_RUNPATH_SEARCH_PATHS = (
					"$(inherited)",
					"@executable_path/../Frameworks",
				);
				MARKETING_VERSION = 1.0;
				PRODUCT_BUNDLE_IDENTIFIER = com.rhvoice.UkrainianVoices;
				SDKROOT = iphoneos;
				IPHONEOS_DEPLOYMENT_TARGET = 16.0;
				SWIFT_VERSION = 5.0;
				TARGETED_DEVICE_FAMILY = "1,2";
			};
			name = Release;
		};
		BF8DA69C58D11F20358D7787 /* Debug */ = {
			isa = XCBuildConfiguration;
			buildSettings = {
				CLANG_CXX_LANGUAGE_STANDARD = "c++17";
				CODE_SIGN_IDENTITY = "";
				CODE_SIGN_STYLE = Automatic;
				COMBINE_HIDPI_IMAGES = YES;
				DEFINES_MODULE = YES;
				DEVELOPMENT_TEAM = 5NNZPP8CRR;
				INFOPLIST_FILE = Extension/Info.iOS.plist;
				LD_RUNPATH_SEARCH_PATHS = (
					"$(inherited)",
					"@executable_path/../Frameworks",
					"@executable_path/../../../../Frameworks",
				);
				LIBRARY_SEARCH_PATHS = "$(SRCROOT)/Extension/Libraries";
				OTHER_LDFLAGS = "-lRHVoice -lRHVoice_core -lRHVoice_audio";
				PRODUCT_BUNDLE_IDENTIFIER = com.rhvoice.UkrainianVoices.Extension;
				SDKROOT = iphoneos;
				IPHONEOS_DEPLOYMENT_TARGET = 16.0;
				SWIFT_OBJC_BRIDGING_HEADER = "Extension/Bridge/UkrainianVoices-Bridging-Header.h";
				SWIFT_VERSION = 5.0;
			};
			name = Debug;
		};
		C3E280B6BC3FB416C06B9BB8 /* Debug */ = {
			isa = XCBuildConfiguration;
			buildSettings = {
				ALWAYS_SEARCH_USER_PATHS = NO;
				CLANG_ANALYZER_NONNULL = YES;
				CLANG_ANALYZER_NUMBER_OBJECT_CONVERSION = YES_AGGRESSIVE;
				CLANG_CXX_LANGUAGE_STANDARD = "gnu++14";
				CLANG_CXX_LIBRARY = "libc++";
				CLANG_ENABLE_MODULES = YES;
				CLANG_ENABLE_OBJC_ARC = YES;
				CLANG_ENABLE_OBJC_WEAK = YES;
				CLANG_WARN_BLOCK_CAPTURE_AUTORELEASING = YES;
				CLANG_WARN_BOOL_CONVERSION = YES;
				CLANG_WARN_COMMA = YES;
				CLANG_WARN_CONSTANT_CONVERSION = YES;
				CLANG_WARN_DEPRECATED_OBJC_IMPLEMENTATIONS = YES;
				CLANG_WARN_DIRECT_OBJC_ISA_USAGE = YES_ERROR;
				CLANG_WARN_DOCUMENTATION_COMMENTS = YES;
				CLANG_WARN_EMPTY_BODY = YES;
				CLANG_WARN_ENUM_CONVERSION = YES;
				CLANG_WARN_INFINITE_RECURSION = YES;
				CLANG_WARN_INT_CONVERSION = YES;
				CLANG_WARN_NON_LITERAL_NULL_CONVERSION = YES;
				CLANG_WARN_OBJC_IMPLICIT_RETAIN_SELF = YES;
				CLANG_WARN_OBJC_LITERAL_CONVERSION = YES;
				CLANG_WARN_OBJC_ROOT_CLASS = YES_ERROR;
				CLANG_WARN_QUOTED_INCLUDE_IN_FRAMEWORK_HEADER = YES;
				CLANG_WARN_RANGE_LOOP_ANALYSIS = YES;
				CLANG_WARN_STRICT_PROTOTYPES = YES;
				CLANG_WARN_SUSPICIOUS_MOVE = YES;
				CLANG_WARN_UNGUARDED_AVAILABILITY = YES_AGGRESSIVE;
				CLANG_WARN_UNREACHABLE_CODE = YES;
				CLANG_WARN__DUPLICATE_METHOD_MATCH = YES;
				COPY_PHASE_STRIP = NO;
				DEBUG_INFORMATION_FORMAT = dwarf;
				ENABLE_STRICT_OBJC_MSGSEND = YES;
				ENABLE_TESTABILITY = YES;
				GCC_C_LANGUAGE_STANDARD = gnu11;
				GCC_DYNAMIC_NO_PIC = NO;
				GCC_NO_COMMON_BLOCKS = YES;
				GCC_OPTIMIZATION_LEVEL = 0;
				GCC_PREPROCESSOR_DEFINITIONS = (
					"$(inherited)",
					"DEBUG=1",
				);
				GCC_WARN_64_TO_32_BIT_CONVERSION = YES;
				GCC_WARN_ABOUT_RETURN_TYPE = YES_ERROR;
				GCC_WARN_UNDECLARED_SELECTOR = YES;
				GCC_WARN_UNINITIALIZED_AUTOS = YES_AGGRESSIVE;
				GCC_WARN_UNUSED_FUNCTION = YES;
				GCC_WARN_UNUSED_VARIABLE = YES;
				MACOSX_DEPLOYMENT_TARGET = 13.0;
				MTL_ENABLE_DEBUG_INFO = INCLUDE_SOURCE;
				MTL_FAST_MATH = YES;
				ONLY_ACTIVE_ARCH = YES;
				PRODUCT_NAME = "$(TARGET_NAME)";
				SDKROOT = macosx;
				SWIFT_ACTIVE_COMPILATION_CONDITIONS = DEBUG;
				SWIFT_OPTIMIZATION_LEVEL = "-Onone";
				SWIFT_VERSION = 5.0;
			};
			name = Debug;
		};
		DCEF3D39F8F14169887D7D4E /* Release */ = {
			isa = XCBuildConfiguration;
			buildSettings = {
				CLANG_CXX_LANGUAGE_STANDARD = "c++17";
				CODE_SIGN_IDENTITY = "";
				CODE_SIGN_STYLE = Automatic;
				COMBINE_HIDPI_IMAGES = YES;
				DEFINES_MODULE = YES;
				DEVELOPMENT_TEAM = 5NNZPP8CRR;
				INFOPLIST_FILE = Extension/Info.iOS.plist;
				LD_RUNPATH_SEARCH_PATHS = (
					"$(inherited)",
					"@executable_path/../Frameworks",
					"@executable_path/../../../../Frameworks",
				);
				LIBRARY_SEARCH_PATHS = "$(SRCROOT)/Extension/Libraries";
				OTHER_LDFLAGS = "-lRHVoice -lRHVoice_core -lRHVoice_audio";
				PRODUCT_BUNDLE_IDENTIFIER = com.rhvoice.UkrainianVoices.Extension;
				SDKROOT = iphoneos;
				IPHONEOS_DEPLOYMENT_TARGET = 16.0;
				SWIFT_OBJC_BRIDGING_HEADER = "Extension/Bridge/UkrainianVoices-Bridging-Header.h";
				SWIFT_VERSION = 5.0;
			};
			name = Release;
		};
		E25E48BA4E7BFC5746915DCE /* Debug */ = {
			isa = XCBuildConfiguration;
			buildSettings = {
				CLANG_CXX_LANGUAGE_STANDARD = "c++17";
				CODE_SIGN_IDENTITY = "";
				CODE_SIGN_STYLE = Automatic;
				COMBINE_HIDPI_IMAGES = YES;
				DEVELOPMENT_TEAM = 5NNZPP8CRR;
				INFOPLIST_FILE = Extension/Info.plist;
				LD_RUNPATH_SEARCH_PATHS = (
					"$(inherited)",
					"@executable_path/../Frameworks",
					"@executable_path/../../../../Frameworks",
				);
				LIBRARY_SEARCH_PATHS = "$(SRCROOT)/Extension/Libraries";
				MACOSX_DEPLOYMENT_TARGET = 13.0;
				OTHER_LDFLAGS = "-lRHVoice -lRHVoice_core -lRHVoice_audio";
				PRODUCT_BUNDLE_IDENTIFIER = com.rhvoice.UkrainianVoices.mac.Extension;
				SDKROOT = macosx;
				SWIFT_OBJC_BRIDGING_HEADER = "Extension/Bridge/UkrainianVoices-Bridging-Header.h";
				SWIFT_VERSION = 5.0;
			};
			name = Debug;
		};
/* End XCBuildConfiguration section */

/* Begin XCConfigurationList section */
		0118D083362CF1605D1475D9 /* Build configuration list for PBXNativeTarget "UkrainianVoicesExtensionMac" */ = {
			isa = XCConfigurationList;
			buildConfigurations = (
				E25E48BA4E7BFC5746915DCE /* Debug */,
				80C1D316FE40EB49F38964B6 /* Release */,
			);
			defaultConfigurationIsVisible = 0;
			defaultConfigurationName = Debug;
		};
		2DA23C810EB8A5C4A8E2B527 /* Build configuration list for PBXNativeTarget "UkrainianVoices" */ = {
			isa = XCConfigurationList;
			buildConfigurations = (
				34840A3F10F543565768C603 /* Debug */,
				A4107DD59B78807C2EE077C8 /* Release */,
			);
			defaultConfigurationIsVisible = 0;
			defaultConfigurationName = Debug;
		};
		65052016CFEB4CF0BC1723DC /* Build configuration list for PBXProject "UkrainianVoices" */ = {
			isa = XCConfigurationList;
			buildConfigurations = (
				C3E280B6BC3FB416C06B9BB8 /* Debug */,
				175AE8F1E5F395F3D56B7F82 /* Release */,
			);
			defaultConfigurationIsVisible = 0;
			defaultConfigurationName = Debug;
		};
		7D56CDA049E8EBF597421F6F /* Build configuration list for PBXNativeTarget "UkrainianVoicesExtension" */ = {
			isa = XCConfigurationList;
			buildConfigurations = (
				BF8DA69C58D11F20358D7787 /* Debug */,
				DCEF3D39F8F14169887D7D4E /* Release */,
			);
			defaultConfigurationIsVisible = 0;
			defaultConfigurationName = Debug;
		};
		AE924CCAD4914B4DCDE2FAF6 /* Build configuration list for PBXNativeTarget "UkrainianVoicesMac" */ = {
			isa = XCConfigurationList;
			buildConfigurations = (
				8A0DA449501982899D9CEDDE /* Debug */,
				2A918115CA914E3B174DCC75 /* Release */,
			);
			defaultConfigurationIsVisible = 0;
			defaultConfigurationName = Debug;
		};
/* End XCConfigurationList section */
	};
	rootObject = 444E4AC42FA67B1A6C7886B3 /* Project object */;
}
